
Microsoft Visual Studio Solution File, Format Version 12.00
# Visual Studio Version 17
VisualStudioVersion = 17.5.33424.131
MinimumVisualStudioVersion = 10.0.40219.1
Project("{FAE04EC0-301F-11D3-BF4B-00C04F79EFBC}") = "IndianStatesCensusAnalyserProblem", "IndianStatesCensusAnalyserProblem\IndianStatesCensusAnalyserProblem.csproj", "{6C3403B1-F219-487C-9307-E61E4B310B13}"
EndProject
Project("{FAE04EC0-301F-11D3-BF4B-00C04F79EFBC}") = "IndianStatesCensusAnalyzerTest", "IndianStatesCensusAnalyzerTest\IndianStatesCensusAnalyzerTest.csproj", "{E9B1E905-E407-4867-9BA2-6EA5E927FBAB}"
EndProject
Global
	GlobalSection(SolutionConfigurationPlatforms) = preSolution
		Debug|Any CPU = Debug|Any CPU
		Release|Any CPU = Release|Any CPU
	EndGlobalSection
	GlobalSection(ProjectConfigurationPlatforms) = postSolution
		{6C3403B1-F219-487C-9307-E61E4B310B13}.Debug|Any CPU.ActiveCfg = Debug|Any CPU
		{6C3403B1-F219-487C-9307-E61E4B310B13}.Debug|Any CPU.Build.0 = Debug|Any CPU
		{6C3403B1-F219-487C-9307-E61E4B310B13}.Release|Any CPU.ActiveCfg = Release|Any CPU
		{6C3403B1-F219-487C-9307-E61E4B310B13}.Release|Any CPU.Build.0 = Release|Any CPU
		{E9B1E905-E407-4867-9BA2-6EA5E927FBAB}.Debug|Any CPU.ActiveCfg = Debug|Any CPU
		{E9B1E905-E407-4867-9BA2-6EA5E927FBAB}.Debug|Any CPU.Build.0 = Debug|Any CPU
		{E9B1E905-E407-4867-9BA2-6EA5E927FBAB}.Release|Any CPU.ActiveCfg = Release|Any CPU
		{E9B1E905-E407-4867-9BA2-6EA5E927FBAB}.Release|Any CPU.Build.0 = Release|Any CPU
	EndGlobalSection
	GlobalSection(SolutionProperties) = preSolution
		HideSolutionNode = FALSE
	EndGlobalSection
	GlobalSection(ExtensibilityGlobals) = postSolution
		SolutionGuid = {1CEC7D75-30A5-4CC0-BFC6-E252D12C6D70}
	EndGlobalSection
EndGlobal
